{
  "requires": true,
  "lockfileVersion": 1,
  "dependencies": {
    "what-input": {
      "version": "5.2.4",
      "resolved": "https://registry.npmjs.org/what-input/-/what-input-5.2.4.tgz",
      "integrity": "sha512-syqVipJYgBCAZaDLRr0WEA7qJhsMmTBzxXxBLEDmfRWKT+WcXUPdVcZGpaToLGx2I0r7J8kbt+nCo1/Za7d4EA=="
    }
  }
}
