{
  "name": "site",
  "version": "1.0.0",
  "lockfileVersion": 1,
  "requires": true,
  "dependencies": {
    "foundation-sites": {
      "version": "6.5.3",
      "resolved": "https://registry.npmjs.org/foundation-sites/-/foundation-sites-6.5.3.tgz",
      "integrity": "sha512-ZwI0idjHHjezh6jRjpPxkczvmtUuJ1uGatZHpyloX0MvsFHfM0BFoxrqdXryXugGPdmb+yJi3JYMnz6+5t3K1A=="
    },
    "jquery": {
      "version": "3.4.1",
      "resolved": "https://registry.npmjs.org/jquery/-/jquery-3.4.1.tgz",
      "integrity": "sha512-36+AdBzCL+y6qjw5Tx7HgzeGCzC81MDDgaUP8ld2zhx58HdqXGoBd+tHdrBMiyjGQs0Hxs/MLZTu/eHNJJuWPw=="
    },
    "jquery-mousewheel": {
      "version": "3.1.13",
      "resolved": "https://registry.npmjs.org/jquery-mousewheel/-/jquery-mousewheel-3.1.13.tgz",
      "integrity": "sha1-BvAzXxbjU6aV5yBr9QUDy1I6buU="
    },
    "lg-autoplay": {
      "version": "1.0.4",
      "resolved": "https://registry.npmjs.org/lg-autoplay/-/lg-autoplay-1.0.4.tgz",
      "integrity": "sha1-JZHqK4QEOlzV2MsZacUCkhp3uiw=",
      "requires": {
        "jquery": ">=1.7.0"
      }
    },
    "lg-fullscreen": {
      "version": "1.1.0",
      "resolved": "https://registry.npmjs.org/lg-fullscreen/-/lg-fullscreen-1.1.0.tgz",
      "integrity": "sha512-Sh2mZMR8QYrYNgKcCwbACs3LO8OQg6puisIMDkd4ULEJicCt0zLZ9aT4YgNhcYMYBXAU2sHwbjHJjF7TxVT3hw==",
      "requires": {
        "jquery": ">=1.7.0"
      }
    },
    "lg-hash": {
      "version": "1.0.4",
      "resolved": "https://registry.npmjs.org/lg-hash/-/lg-hash-1.0.4.tgz",
      "integrity": "sha1-zpuyNCayMRDh/rTs6h+4pF0xBPg=",
      "requires": {
        "jquery": ">=1.7.0"
      }
    },
    "lg-pager": {
      "version": "1.0.2",
      "resolved": "https://registry.npmjs.org/lg-pager/-/lg-pager-1.0.2.tgz",
      "integrity": "sha1-6dko3o+fpEAVHQ6rgmXc+5rMsEE=",
      "requires": {
        "jquery": ">=1.7.0"
      }
    },
    "lg-thumbnail": {
      "version": "1.1.0",
      "resolved": "https://registry.npmjs.org/lg-thumbnail/-/lg-thumbnail-1.1.0.tgz",
      "integrity": "sha1-kTRNnMo1gH1E+fg0bQRYnBXMFrI=",
      "requires": {
        "jquery": ">=1.7.0"
      }
    },
    "lg-zoom": {
      "version": "1.1.0",
      "resolved": "https://registry.npmjs.org/lg-zoom/-/lg-zoom-1.1.0.tgz",
      "integrity": "sha1-cmzcNHSNvXwTcv7tswF75QnhCVE=",
      "requires": {
        "jquery": ">=1.7.0"
      }
    },
    "lightgallery": {
      "version": "1.6.12",
      "resolved": "https://registry.npmjs.org/lightgallery/-/lightgallery-1.6.12.tgz",
      "integrity": "sha512-t8hIgZc3ZvGW9pG8Bd68bXcUj7FWGewaroT7ADYo2fvQTgkqcMMLtXw9yQclS7BF0soadA0B6BN3MWOEiS2pYA==",
      "requires": {
        "jquery": ">=1.7.0"
      }
    },
    "what-input": {
      "version": "5.2.4",
      "resolved": "https://registry.npmjs.org/what-input/-/what-input-5.2.4.tgz",
      "integrity": "sha512-syqVipJYgBCAZaDLRr0WEA7qJhsMmTBzxXxBLEDmfRWKT+WcXUPdVcZGpaToLGx2I0r7J8kbt+nCo1/Za7d4EA=="
    }
  }
}
